
Microsoft Visual Studio Solution File, Format Version 12.00
# Visual Studio Version 16
VisualStudioVersion = 16.0.31515.178
MinimumVisualStudioVersion = 10.0.40219.1
Project("{FAE04EC0-301F-11D3-BF4B-00C04F79EFBC}") = "GraphCSharp", "GraphCSharp.csproj", "{579A1A71-01C3-4AA2-9ABD-2DFF392DBAEB}"
EndProject
Global
	GlobalSection(SolutionConfigurationPlatforms) = preSolution
		Debug|Any CPU = Debug|Any CPU
		Release|Any CPU = Release|Any CPU
	EndGlobalSection
	GlobalSection(ProjectConfigurationPlatforms) = postSolution
		{579A1A71-01C3-4AA2-9ABD-2DFF392DBAEB}.Debug|Any CPU.ActiveCfg = Debug|Any CPU
		{579A1A71-01C3-4AA2-9ABD-2DFF392DBAEB}.Debug|Any CPU.Build.0 = Debug|Any CPU
		{579A1A71-01C3-4AA2-9ABD-2DFF392DBAEB}.Release|Any CPU.ActiveCfg = Release|Any CPU
		{579A1A71-01C3-4AA2-9ABD-2DFF392DBAEB}.Release|Any CPU.Build.0 = Release|Any CPU
	EndGlobalSection
	GlobalSection(SolutionProperties) = preSolution
		HideSolutionNode = FALSE
	EndGlobalSection
	GlobalSection(ExtensibilityGlobals) = postSolution
		SolutionGuid = {6E1399D4-093F-44D7-95A8-D1F4F4C545F1}
	EndGlobalSection
EndGlobal
